
Microsoft Visual Studio Solution File, Format Version 12.00
# Visual Studio 15
VisualStudioVersion = 15.0.28010.2036
MinimumVisualStudioVersion = 10.0.40219.1
Project("{FAE04EC0-301F-11D3-BF4B-00C04F79EFBC}") = "wsTransferToNeoLoad", "Worksoft.Interfaces.NeoLoad.wsTransferToNeoLoad\wsTransferToNeoLoad\wsTransferToNeoLoad.csproj", "{10F57395-722D-493B-87A9-C0C3080B0C87}"
EndProject
Global
	GlobalSection(SolutionConfigurationPlatforms) = preSolution
		Debug|Any CPU = Debug|Any CPU
		Release|Any CPU = Release|Any CPU
	EndGlobalSection
	GlobalSection(ProjectConfigurationPlatforms) = postSolution
		{10F57395-722D-493B-87A9-C0C3080B0C87}.Debug|Any CPU.ActiveCfg = Debug|Any CPU
		{10F57395-722D-493B-87A9-C0C3080B0C87}.Debug|Any CPU.Build.0 = Debug|Any CPU
		{10F57395-722D-493B-87A9-C0C3080B0C87}.Release|Any CPU.ActiveCfg = Release|Any CPU
		{10F57395-722D-493B-87A9-C0C3080B0C87}.Release|Any CPU.Build.0 = Release|Any CPU
	EndGlobalSection
	GlobalSection(SolutionProperties) = preSolution
		HideSolutionNode = FALSE
	EndGlobalSection
	GlobalSection(ExtensibilityGlobals) = postSolution
		SolutionGuid = {D24D2524-C2FE-43B1-85B3-62C37CC8BB05}
	EndGlobalSection
EndGlobal
